
Microsoft Visual Studio Solution File, Format Version 12.00
# Visual Studio Version 17
VisualStudioVersion = 17.5.33627.172
MinimumVisualStudioVersion = 10.0.40219.1
Project("{9A19103F-16F7-4668-BE54-9A1E7A4F7556}") = "ticket-project-back", "ticket-project-back.csproj", "{CA279B39-361F-44CB-946A-9C5F666A6594}"
EndProject
Project("{9A19103F-16F7-4668-BE54-9A1E7A4F7556}") = "ticket-project-back.Tests", "..\ticket-project-back.Tests\ticket-project-back.Tests.csproj", "{42268706-8A8F-41D5-B88B-7B2F728BD7F7}"
EndProject
Global
	GlobalSection(SolutionConfigurationPlatforms) = preSolution
		Debug|Any CPU = Debug|Any CPU
		Release|Any CPU = Release|Any CPU
	EndGlobalSection
	GlobalSection(ProjectConfigurationPlatforms) = postSolution
		{CA279B39-361F-44CB-946A-9C5F666A6594}.Debug|Any CPU.ActiveCfg = Debug|Any CPU
		{CA279B39-361F-44CB-946A-9C5F666A6594}.Debug|Any CPU.Build.0 = Debug|Any CPU
		{CA279B39-361F-44CB-946A-9C5F666A6594}.Release|Any CPU.ActiveCfg = Release|Any CPU
		{CA279B39-361F-44CB-946A-9C5F666A6594}.Release|Any CPU.Build.0 = Release|Any CPU
		{42268706-8A8F-41D5-B88B-7B2F728BD7F7}.Debug|Any CPU.ActiveCfg = Debug|Any CPU
		{42268706-8A8F-41D5-B88B-7B2F728BD7F7}.Debug|Any CPU.Build.0 = Debug|Any CPU
		{42268706-8A8F-41D5-B88B-7B2F728BD7F7}.Release|Any CPU.ActiveCfg = Release|Any CPU
		{42268706-8A8F-41D5-B88B-7B2F728BD7F7}.Release|Any CPU.Build.0 = Release|Any CPU
	EndGlobalSection
	GlobalSection(SolutionProperties) = preSolution
		HideSolutionNode = FALSE
	EndGlobalSection
	GlobalSection(ExtensibilityGlobals) = postSolution
		SolutionGuid = {4325DC5E-C280-4DDC-87B7-E51AADE0BF2A}
	EndGlobalSection
EndGlobal
